
Microsoft Visual Studio Solution File, Format Version 12.00
# Visual Studio Version 17
VisualStudioVersion = 17.7.34031.279
MinimumVisualStudioVersion = 10.0.40219.1
Project("{FAE04EC0-301F-11D3-BF4B-00C04F79EFBC}") = "SokszogOOP", "SokszogOOP\SokszogOOP.csproj", "{0DC698AE-E5CD-42E1-A966-90CF1300FF75}"
EndProject
Global
	GlobalSection(SolutionConfigurationPlatforms) = preSolution
		Debug|Any CPU = Debug|Any CPU
		Release|Any CPU = Release|Any CPU
	EndGlobalSection
	GlobalSection(ProjectConfigurationPlatforms) = postSolution
		{0DC698AE-E5CD-42E1-A966-90CF1300FF75}.Debug|Any CPU.ActiveCfg = Debug|Any CPU
		{0DC698AE-E5CD-42E1-A966-90CF1300FF75}.Debug|Any CPU.Build.0 = Debug|Any CPU
		{0DC698AE-E5CD-42E1-A966-90CF1300FF75}.Release|Any CPU.ActiveCfg = Release|Any CPU
		{0DC698AE-E5CD-42E1-A966-90CF1300FF75}.Release|Any CPU.Build.0 = Release|Any CPU
	EndGlobalSection
	GlobalSection(SolutionProperties) = preSolution
		HideSolutionNode = FALSE
	EndGlobalSection
	GlobalSection(ExtensibilityGlobals) = postSolution
		SolutionGuid = {DDD983DF-B767-404F-81B8-FC347D5C68EB}
	EndGlobalSection
EndGlobal
